# This file was autogenerated by Stack.
# You should not edit this file by hand.
# For more information, please see the documentation at:
#   https://docs.haskellstack.org/en/stable/lock_files

packages: []
snapshots:
- completed:
    size: 549899
    url: https://raw.githubusercontent.com/commercialhaskell/stackage-snapshots/master/nightly/2020/11/15.yaml
    sha256: 81b7305a8b38b339cd9fa1db5c52f1e9b2f10db0cbbfb217ad2f5f79053ae818
  original: nightly-2020-11-15
